// !$*UTF8*$!
{
	archiveVersion = 1;
	classes = {
	};
	objectVersion = 46;
	objects = {

/* Begin PBXBuildFile section */
		F00FC312226B2F7C0002F251 /* ini.c in Sources */ = {isa = PBXBuildFile; fileRef = F00FC2FC226B2F7B0002F251 /* ini.c */; };
		F00FC313226B2F7C0002F251 /* gl.c in Sources */ = {isa = PBXBuildFile; fileRef = F00FC2FD226B2F7B0002F251 /* gl.c */; };
		F00FC314226B2F7C0002F251 /* sound_openal.inl in Resources */ = {isa = PBXBuildFile; fileRef = F00FC2FE226B2F7B0002F251 /* sound_openal.inl */; };
		F00FC315226B2F7C0002F251 /* texture.c in Sources */ = {isa = PBXBuildFile; fileRef = F00FC301226B2F7B0002F251 /* texture.c */; };
		F00FC316226B2F7C0002F251 /* mustache.c in Sources */ = {isa = PBXBuildFile; fileRef = F00FC308226B2F7B0002F251 /* mustache.c */; };
		F00FC317226B2F7C0002F251 /* sound.c in Sources */ = {isa = PBXBuildFile; fileRef = F00FC309226B2F7B0002F251 /* sound.c */; };
		F00FC318226B2F7C0002F251 /* vec.c in Sources */ = {isa = PBXBuildFile; fileRef = F00FC30A226B2F7B0002F251 /* vec.c */; };
		F00FC319226B2F7C0002F251 /* b64.c in Sources */ = {isa = PBXBuildFile; fileRef = F00FC30D226B2F7B0002F251 /* b64.c */; };
		F00FC31A226B2F7C0002F251 /* cache.c in Sources */ = {isa = PBXBuildFile; fileRef = F00FC30E226B2F7B0002F251 /* cache.c */; };
		F00FC31C226B2F7C0002F251 /* img.c in Sources */ = {isa = PBXBuildFile; fileRef = F00FC310226B2F7B0002F251 /* img.c */; };
		F00FC31D226B2F7C0002F251 /* color.c in Sources */ = {isa = PBXBuildFile; fileRef = F00FC311226B2F7B0002F251 /* color.c */; };
		F00FC32D226B2FCF0002F251 /* cameras_panel.c in Sources */ = {isa = PBXBuildFile; fileRef = F00FC31F226B2FCF0002F251 /* cameras_panel.c */; };
		F00FC32E226B2FCF0002F251 /* material_panel.c in Sources */ = {isa = PBXBuildFile; fileRef = F00FC320226B2FCF0002F251 /* material_panel.c */; };
		F00FC32F226B2FCF0002F251 /* palette_panel.c in Sources */ = {isa = PBXBuildFile; fileRef = F00FC321226B2FCF0002F251 /* palette_panel.c */; };
		F00FC330226B2FCF0002F251 /* menu.c in Sources */ = {isa = PBXBuildFile; fileRef = F00FC322226B2FCF0002F251 /* menu.c */; };
		F00FC331226B2FCF0002F251 /* layers_panel.c in Sources */ = {isa = PBXBuildFile; fileRef = F00FC323226B2FCF0002F251 /* layers_panel.c */; };
		F00FC332226B2FCF0002F251 /* about.c in Sources */ = {isa = PBXBuildFile; fileRef = F00FC324226B2FCF0002F251 /* about.c */; };
		F00FC333226B2FCF0002F251 /* settings.c in Sources */ = {isa = PBXBuildFile; fileRef = F00FC325226B2FCF0002F251 /* settings.c */; };
		F00FC334226B2FCF0002F251 /* render_panel.c in Sources */ = {isa = PBXBuildFile; fileRef = F00FC326226B2FCF0002F251 /* render_panel.c */; };
		F00FC335226B2FCF0002F251 /* topbar.c in Sources */ = {isa = PBXBuildFile; fileRef = F00FC327226B2FCF0002F251 /* topbar.c */; };
		F00FC336226B2FCF0002F251 /* debug_panel.c in Sources */ = {isa = PBXBuildFile; fileRef = F00FC328226B2FCF0002F251 /* debug_panel.c */; };
		F00FC337226B2FCF0002F251 /* view_panel.c in Sources */ = {isa = PBXBuildFile; fileRef = F00FC329226B2FCF0002F251 /* view_panel.c */; };
		F00FC338226B2FCF0002F251 /* image_panel.c in Sources */ = {isa = PBXBuildFile; fileRef = F00FC32A226B2FCF0002F251 /* image_panel.c */; };
		F00FC339226B2FCF0002F251 /* export_panel.c in Sources */ = {isa = PBXBuildFile; fileRef = F00FC32B226B2FCF0002F251 /* export_panel.c */; };
		F00FC33A226B2FCF0002F251 /* tools_panel.c in Sources */ = {isa = PBXBuildFile; fileRef = F00FC32C226B2FCF0002F251 /* tools_panel.c */; };
		F025C7DB1F33239000C52709 /* png_slices.c in Sources */ = {isa = PBXBuildFile; fileRef = F025C7DA1F33239000C52709 /* png_slices.c */; };
		F037D5C31EA6061F00C96D10 /* gox.c in Sources */ = {isa = PBXBuildFile; fileRef = F037D5C21EA6061F00C96D10 /* gox.c */; };
		F037D5CF1EA6069A00C96D10 /* brush.c in Sources */ = {isa = PBXBuildFile; fileRef = F037D5C71EA6069A00C96D10 /* brush.c */; };
		F037D5D01EA6069A00C96D10 /* color_picker.c in Sources */ = {isa = PBXBuildFile; fileRef = F037D5C81EA6069A00C96D10 /* color_picker.c */; };
		F037D5D11EA6069A00C96D10 /* laser.c in Sources */ = {isa = PBXBuildFile; fileRef = F037D5C91EA6069A00C96D10 /* laser.c */; };
		F037D5D21EA6069A00C96D10 /* move.c in Sources */ = {isa = PBXBuildFile; fileRef = F037D5CA1EA6069A00C96D10 /* move.c */; };
		F037D5D31EA6069A00C96D10 /* plane.c in Sources */ = {isa = PBXBuildFile; fileRef = F037D5CB1EA6069A00C96D10 /* plane.c */; };
		F037D5D51EA6069A00C96D10 /* selection.c in Sources */ = {isa = PBXBuildFile; fileRef = F037D5CD1EA6069A00C96D10 /* selection.c */; };
		F037D5D61EA6069A00C96D10 /* shape.c in Sources */ = {isa = PBXBuildFile; fileRef = F037D5CE1EA6069A00C96D10 /* shape.c */; };
		F03B4387224CCDDF00798CAB /* pathtracer.cpp in Sources */ = {isa = PBXBuildFile; fileRef = F03B4385224CCDDF00798CAB /* pathtracer.cpp */; };
		F03B4388224CCDDF00798CAB /* yocto.cpp in Sources */ = {isa = PBXBuildFile; fileRef = F03B4386224CCDDF00798CAB /* yocto.cpp */; };
		F05E2DD9268F451D00E47D33 /* quit.c in Sources */ = {isa = PBXBuildFile; fileRef = F05E2DD8268F451D00E47D33 /* quit.c */; };
		F06C683C1D2EAECC00887FCE /* camera.c in Sources */ = {isa = PBXBuildFile; fileRef = F06C68391D2EAECC00887FCE /* camera.c */; };
		F06C683D1D2EAECC00887FCE /* quantization.c in Sources */ = {isa = PBXBuildFile; fileRef = F06C683A1D2EAECC00887FCE /* quantization.c */; };
		F076EA362284162400B74F0C /* light_panel.c in Sources */ = {isa = PBXBuildFile; fileRef = F076EA352284162400B74F0C /* light_panel.c */; };
		F07DE9D31BD0F03900BAA1AD /* AppDelegate.swift in Sources */ = {isa = PBXBuildFile; fileRef = F07DE9D21BD0F03900BAA1AD /* AppDelegate.swift */; };
		F07DE9D51BD0F03900BAA1AD /* Assets.xcassets in Resources */ = {isa = PBXBuildFile; fileRef = F07DE9D41BD0F03900BAA1AD /* Assets.xcassets */; };
		F07DE9D81BD0F03900BAA1AD /* MainMenu.xib in Resources */ = {isa = PBXBuildFile; fileRef = F07DE9D61BD0F03900BAA1AD /* MainMenu.xib */; };
		F07DE9E01BD0F16300BAA1AD /* OpenGL.framework in Frameworks */ = {isa = PBXBuildFile; fileRef = F07DE9DF1BD0F16300BAA1AD /* OpenGL.framework */; };
		F07DEA041BD0F31500BAA1AD /* goxel.c in Sources */ = {isa = PBXBuildFile; fileRef = F07DE9EA1BD0F31500BAA1AD /* goxel.c */; };
		F07DEA051BD0F31500BAA1AD /* gui.cpp in Sources */ = {isa = PBXBuildFile; fileRef = F07DE9EC1BD0F31500BAA1AD /* gui.cpp */; };
		F07DEA061BD0F31500BAA1AD /* image.c in Sources */ = {isa = PBXBuildFile; fileRef = F07DE9ED1BD0F31500BAA1AD /* image.c */; };
		F07DEA091BD0F31500BAA1AD /* mesh.c in Sources */ = {isa = PBXBuildFile; fileRef = F07DE9F11BD0F31500BAA1AD /* mesh.c */; };
		F07DEA0A1BD0F31500BAA1AD /* model3d.c in Sources */ = {isa = PBXBuildFile; fileRef = F07DE9F21BD0F31500BAA1AD /* model3d.c */; };
		F07DEA0B1BD0F31500BAA1AD /* palette.c in Sources */ = {isa = PBXBuildFile; fileRef = F07DE9F31BD0F31500BAA1AD /* palette.c */; };
		F07DEA0D1BD0F31500BAA1AD /* render.c in Sources */ = {isa = PBXBuildFile; fileRef = F07DE9F61BD0F31500BAA1AD /* render.c */; };
		F07DEA0F1BD0F31500BAA1AD /* shape.c in Sources */ = {isa = PBXBuildFile; fileRef = F07DE9F81BD0F31500BAA1AD /* shape.c */; };
		F07DEA101BD0F31500BAA1AD /* system.c in Sources */ = {isa = PBXBuildFile; fileRef = F07DE9F91BD0F31500BAA1AD /* system.c */; };
		F07DEA121BD0F31500BAA1AD /* tools.c in Sources */ = {isa = PBXBuildFile; fileRef = F07DE9FB1BD0F31500BAA1AD /* tools.c */; };
		F07DEA131BD0F31500BAA1AD /* utils.c in Sources */ = {isa = PBXBuildFile; fileRef = F07DE9FC1BD0F31500BAA1AD /* utils.c */; };
		F07DEA331BD1014800BAA1AD /* CoreFoundation.framework in Frameworks */ = {isa = PBXBuildFile; fileRef = F07DEA321BD1014800BAA1AD /* CoreFoundation.framework */; };
		F09482FE22994752005DE2C5 /* layer.c in Sources */ = {isa = PBXBuildFile; fileRef = F09482FD22994752005DE2C5 /* layer.c */; };
		F094830022994765005DE2C5 /* material.c in Sources */ = {isa = PBXBuildFile; fileRef = F09482FF22994765005DE2C5 /* material.c */; };
		F097B3F31F0C97DB00A3622B /* gesture.c in Sources */ = {isa = PBXBuildFile; fileRef = F097B3F11F0C97DB00A3622B /* gesture.c */; };
		F097B3F41F0C97DB00A3622B /* gesture3d.c in Sources */ = {isa = PBXBuildFile; fileRef = F097B3F21F0C97DB00A3622B /* gesture3d.c */; };
		F09FFC5721CE161400B6976A /* box_edit.c in Sources */ = {isa = PBXBuildFile; fileRef = F09FFC5621CE161400B6976A /* box_edit.c */; };
		F0A15FFD1E962F1300C6EF33 /* png.c in Sources */ = {isa = PBXBuildFile; fileRef = F0A15FF31E962F1300C6EF33 /* png.c */; };
		F0A15FFE1E962F1300C6EF33 /* povray.c in Sources */ = {isa = PBXBuildFile; fileRef = F0A15FF41E962F1300C6EF33 /* povray.c */; };
		F0A15FFF1E962F1300C6EF33 /* qubicle.c in Sources */ = {isa = PBXBuildFile; fileRef = F0A15FF51E962F1300C6EF33 /* qubicle.c */; };
		F0A160011E962F1300C6EF33 /* txt.c in Sources */ = {isa = PBXBuildFile; fileRef = F0A15FF71E962F1300C6EF33 /* txt.c */; };
		F0A160021E962F1300C6EF33 /* vox.c in Sources */ = {isa = PBXBuildFile; fileRef = F0A15FF81E962F1300C6EF33 /* vox.c */; };
		F0A160031E962F1300C6EF33 /* voxlap.c in Sources */ = {isa = PBXBuildFile; fileRef = F0A15FF91E962F1300C6EF33 /* voxlap.c */; };
		F0A160041E962F1300C6EF33 /* vxl.c in Sources */ = {isa = PBXBuildFile; fileRef = F0A15FFA1E962F1300C6EF33 /* vxl.c */; };
		F0A160051E962F1300C6EF33 /* wavefront.c in Sources */ = {isa = PBXBuildFile; fileRef = F0A15FFB1E962F1300C6EF33 /* wavefront.c */; };
		F0A160081E962F4600C6EF33 /* marchingcube.c in Sources */ = {isa = PBXBuildFile; fileRef = F0A160061E962F4600C6EF33 /* marchingcube.c */; };
		F0ACA2A12271ACD400376C82 /* gltf.c in Sources */ = {isa = PBXBuildFile; fileRef = F0ACA2A02271ACD300376C82 /* gltf.c */; };
		F0ACA2A42271ACEA00376C82 /* json.c in Sources */ = {isa = PBXBuildFile; fileRef = F0ACA2A32271ACEA00376C82 /* json.c */; };
		F0ACA2A8227BF2A300376C82 /* shader_cache.c in Sources */ = {isa = PBXBuildFile; fileRef = F0ACA2A7227BF2A300376C82 /* shader_cache.c */; };
		F0AE90F71C8EE01300C29080 /* assets.c in Sources */ = {isa = PBXBuildFile; fileRef = F0AE90F51C8EE01200C29080 /* assets.c */; };
		F0BC9B362315550500B2A56A /* app.c in Sources */ = {isa = PBXBuildFile; fileRef = F0BC9B352315550500B2A56A /* app.c */; };
		F0C37C8C2317CBDE000EF45F /* xxhash.c in Sources */ = {isa = PBXBuildFile; fileRef = F0C37C8B2317CBDE000EF45F /* xxhash.c */; };
		F0C5368B1F42EE43003A0DCA /* extrude.c in Sources */ = {isa = PBXBuildFile; fileRef = F0C5368A1F42EE43003A0DCA /* extrude.c */; };
		F0DC02A122EEE267007E2F17 /* line.c in Sources */ = {isa = PBXBuildFile; fileRef = F0DC02A022EEE267007E2F17 /* line.c */; };
		F0DC02A322EEE274007E2F17 /* box.c in Sources */ = {isa = PBXBuildFile; fileRef = F0DC02A222EEE274007E2F17 /* box.c */; };
		F0DE97101E6FEA1F000354AF /* dialogs_osx.m in Sources */ = {isa = PBXBuildFile; fileRef = F0DE970F1E6FEA1F000354AF /* dialogs_osx.m */; };
		F0E5DB2824FBB0D600010FDD /* file_format.c in Sources */ = {isa = PBXBuildFile; fileRef = F0E5DB2624FBB0D600010FDD /* file_format.c */; };
		F0E71BAC1F1DA30D00D20C7C /* theme.c in Sources */ = {isa = PBXBuildFile; fileRef = F0E71BAB1F1DA30D00D20C7C /* theme.c */; };
		F0EC57FF22CB268C009A42A2 /* fuzzy_select.c in Sources */ = {isa = PBXBuildFile; fileRef = F0EC57FE22CB268B009A42A2 /* fuzzy_select.c */; };
		F0ED3C641F98B03300FB50DE /* mesh_utils.c in Sources */ = {isa = PBXBuildFile; fileRef = F0ED3C611F98B03200FB50DE /* mesh_utils.c */; };
		F0ED3C651F98B03300FB50DE /* mesh_to_vertices.c in Sources */ = {isa = PBXBuildFile; fileRef = F0ED3C621F98B03200FB50DE /* mesh_to_vertices.c */; };
		F0EEB7E41C8EC27C004AB676 /* action.c in Sources */ = {isa = PBXBuildFile; fileRef = F0EEB7E31C8EC27C004AB676 /* action.c */; };
		F0EEB7E81C8EC4D1004AB676 /* libz.tbd in Frameworks */ = {isa = PBXBuildFile; fileRef = F0EEB7E71C8EC4D1004AB676 /* libz.tbd */; };
		F0F14C6720AF282E0006E575 /* imgui.cpp in Sources */ = {isa = PBXBuildFile; fileRef = F0F14C6620AF282E0006E575 /* imgui.cpp */; };
/* End PBXBuildFile section */

/* Begin PBXFileReference section */
		F00FC2F9226B2F7B0002F251 /* sound.h */ = {isa = PBXFileReference; fileEncoding = 4; lastKnownFileType = sourcecode.c.h; path = sound.h; sourceTree = "<group>"; };
		F00FC2FA226B2F7B0002F251 /* box.h */ = {isa = PBXFileReference; fileEncoding = 4; lastKnownFileType = sourcecode.c.h; path = box.h; sourceTree = "<group>"; };
		F00FC2FB226B2F7B0002F251 /* mustache.h */ = {isa = PBXFileReference; fileEncoding = 4; lastKnownFileType = sourcecode.c.h; path = mustache.h; sourceTree = "<group>"; };
		F00FC2FC226B2F7B0002F251 /* ini.c */ = {isa = PBXFileReference; fileEncoding = 4; lastKnownFileType = sourcecode.c.c; path = ini.c; sourceTree = "<group>"; };
		F00FC2FD226B2F7B0002F251 /* gl.c */ = {isa = PBXFileReference; fileEncoding = 4; lastKnownFileType = sourcecode.c.c; path = gl.c; sourceTree = "<group>"; };
		F00FC2FE226B2F7B0002F251 /* sound_openal.inl */ = {isa = PBXFileReference; fileEncoding = 4; lastKnownFileType = text; path = sound_openal.inl; sourceTree = "<group>"; };
		F00FC2FF226B2F7B0002F251 /* vec.h */ = {isa = PBXFileReference; fileEncoding = 4; lastKnownFileType = sourcecode.c.h; path = vec.h; sourceTree = "<group>"; };
		F00FC301226B2F7B0002F251 /* texture.c */ = {isa = PBXFileReference; fileEncoding = 4; lastKnownFileType = sourcecode.c.c; path = texture.c; sourceTree = "<group>"; };
		F00FC302226B2F7B0002F251 /* cache.h */ = {isa = PBXFileReference; fileEncoding = 4; lastKnownFileType = sourcecode.c.h; path = cache.h; sourceTree = "<group>"; };
		F00FC303226B2F7B0002F251 /* b64.h */ = {isa = PBXFileReference; fileEncoding = 4; lastKnownFileType = sourcecode.c.h; path = b64.h; sourceTree = "<group>"; };
		F00FC304226B2F7B0002F251 /* color.h */ = {isa = PBXFileReference; fileEncoding = 4; lastKnownFileType = sourcecode.c.h; path = color.h; sourceTree = "<group>"; };
		F00FC305226B2F7B0002F251 /* plane.h */ = {isa = PBXFileReference; fileEncoding = 4; lastKnownFileType = sourcecode.c.h; path = plane.h; sourceTree = "<group>"; };
		F00FC306226B2F7B0002F251 /* img.h */ = {isa = PBXFileReference; fileEncoding = 4; lastKnownFileType = sourcecode.c.h; path = img.h; sourceTree = "<group>"; };
		F00FC307226B2F7B0002F251 /* ini.h */ = {isa = PBXFileReference; fileEncoding = 4; lastKnownFileType = sourcecode.c.h; path = ini.h; sourceTree = "<group>"; };
		F00FC308226B2F7B0002F251 /* mustache.c */ = {isa = PBXFileReference; fileEncoding = 4; lastKnownFileType = sourcecode.c.c; path = mustache.c; sourceTree = "<group>"; };
		F00FC309226B2F7B0002F251 /* sound.c */ = {isa = PBXFileReference; fileEncoding = 4; lastKnownFileType = sourcecode.c.c; path = sound.c; sourceTree = "<group>"; };
		F00FC30A226B2F7B0002F251 /* vec.c */ = {isa = PBXFileReference; fileEncoding = 4; lastKnownFileType = sourcecode.c.c; path = vec.c; sourceTree = "<group>"; };
		F00FC30B226B2F7B0002F251 /* gl.h */ = {isa = PBXFileReference; fileEncoding = 4; lastKnownFileType = sourcecode.c.h; path = gl.h; sourceTree = "<group>"; };
		F00FC30C226B2F7B0002F251 /* texture.h */ = {isa = PBXFileReference; fileEncoding = 4; lastKnownFileType = sourcecode.c.h; path = texture.h; sourceTree = "<group>"; };
		F00FC30D226B2F7B0002F251 /* b64.c */ = {isa = PBXFileReference; fileEncoding = 4; lastKnownFileType = sourcecode.c.c; path = b64.c; sourceTree = "<group>"; };
		F00FC30E226B2F7B0002F251 /* cache.c */ = {isa = PBXFileReference; fileEncoding = 4; lastKnownFileType = sourcecode.c.c; path = cache.c; sourceTree = "<group>"; };
		F00FC310226B2F7B0002F251 /* img.c */ = {isa = PBXFileReference; fileEncoding = 4; lastKnownFileType = sourcecode.c.c; path = img.c; sourceTree = "<group>"; };
		F00FC311226B2F7B0002F251 /* color.c */ = {isa = PBXFileReference; fileEncoding = 4; lastKnownFileType = sourcecode.c.c; path = color.c; sourceTree = "<group>"; };
		F00FC31F226B2FCF0002F251 /* cameras_panel.c */ = {isa = PBXFileReference; fileEncoding = 4; lastKnownFileType = sourcecode.c.c; path = cameras_panel.c; sourceTree = "<group>"; };
		F00FC320226B2FCF0002F251 /* material_panel.c */ = {isa = PBXFileReference; fileEncoding = 4; lastKnownFileType = sourcecode.c.c; path = material_panel.c; sourceTree = "<group>"; };
		F00FC321226B2FCF0002F251 /* palette_panel.c */ = {isa = PBXFileReference; fileEncoding = 4; lastKnownFileType = sourcecode.c.c; path = palette_panel.c; sourceTree = "<group>"; };
		F00FC322226B2FCF0002F251 /* menu.c */ = {isa = PBXFileReference; fileEncoding = 4; lastKnownFileType = sourcecode.c.c; path = menu.c; sourceTree = "<group>"; };
		F00FC323226B2FCF0002F251 /* layers_panel.c */ = {isa = PBXFileReference; fileEncoding = 4; lastKnownFileType = sourcecode.c.c; path = layers_panel.c; sourceTree = "<group>"; };
		F00FC324226B2FCF0002F251 /* about.c */ = {isa = PBXFileReference; fileEncoding = 4; lastKnownFileType = sourcecode.c.c; path = about.c; sourceTree = "<group>"; };
		F00FC325226B2FCF0002F251 /* settings.c */ = {isa = PBXFileReference; fileEncoding = 4; lastKnownFileType = sourcecode.c.c; path = settings.c; sourceTree = "<group>"; };
		F00FC326226B2FCF0002F251 /* render_panel.c */ = {isa = PBXFileReference; fileEncoding = 4; lastKnownFileType = sourcecode.c.c; path = render_panel.c; sourceTree = "<group>"; };
		F00FC327226B2FCF0002F251 /* topbar.c */ = {isa = PBXFileReference; fileEncoding = 4; lastKnownFileType = sourcecode.c.c; path = topbar.c; sourceTree = "<group>"; };
		F00FC328226B2FCF0002F251 /* debug_panel.c */ = {isa = PBXFileReference; fileEncoding = 4; lastKnownFileType = sourcecode.c.c; path = debug_panel.c; sourceTree = "<group>"; };
		F00FC329226B2FCF0002F251 /* view_panel.c */ = {isa = PBXFileReference; fileEncoding = 4; lastKnownFileType = sourcecode.c.c; path = view_panel.c; sourceTree = "<group>"; };
		F00FC32A226B2FCF0002F251 /* image_panel.c */ = {isa = PBXFileReference; fileEncoding = 4; lastKnownFileType = sourcecode.c.c; path = image_panel.c; sourceTree = "<group>"; };
		F00FC32B226B2FCF0002F251 /* export_panel.c */ = {isa = PBXFileReference; fileEncoding = 4; lastKnownFileType = sourcecode.c.c; path = export_panel.c; sourceTree = "<group>"; };
		F00FC32C226B2FCF0002F251 /* tools_panel.c */ = {isa = PBXFileReference; fileEncoding = 4; lastKnownFileType = sourcecode.c.c; path = tools_panel.c; sourceTree = "<group>"; };
		F025C7DA1F33239000C52709 /* png_slices.c */ = {isa = PBXFileReference; fileEncoding = 4; lastKnownFileType = sourcecode.c.c; path = png_slices.c; sourceTree = "<group>"; };
		F037D5C21EA6061F00C96D10 /* gox.c */ = {isa = PBXFileReference; fileEncoding = 4; lastKnownFileType = sourcecode.c.c; path = gox.c; sourceTree = "<group>"; };
		F037D5C71EA6069A00C96D10 /* brush.c */ = {isa = PBXFileReference; fileEncoding = 4; lastKnownFileType = sourcecode.c.c; path = brush.c; sourceTree = "<group>"; };
		F037D5C81EA6069A00C96D10 /* color_picker.c */ = {isa = PBXFileReference; fileEncoding = 4; lastKnownFileType = sourcecode.c.c; path = color_picker.c; sourceTree = "<group>"; };
		F037D5C91EA6069A00C96D10 /* laser.c */ = {isa = PBXFileReference; fileEncoding = 4; lastKnownFileType = sourcecode.c.c; path = laser.c; sourceTree = "<group>"; };
		F037D5CA1EA6069A00C96D10 /* move.c */ = {isa = PBXFileReference; fileEncoding = 4; lastKnownFileType = sourcecode.c.c; path = move.c; sourceTree = "<group>"; };
		F037D5CB1EA6069A00C96D10 /* plane.c */ = {isa = PBXFileReference; fileEncoding = 4; lastKnownFileType = sourcecode.c.c; path = plane.c; sourceTree = "<group>"; };
		F037D5CD1EA6069A00C96D10 /* selection.c */ = {isa = PBXFileReference; fileEncoding = 4; lastKnownFileType = sourcecode.c.c; path = selection.c; sourceTree = "<group>"; };
		F037D5CE1EA6069A00C96D10 /* shape.c */ = {isa = PBXFileReference; fileEncoding = 4; lastKnownFileType = sourcecode.c.c; path = shape.c; sourceTree = "<group>"; };
		F03B4385224CCDDF00798CAB /* pathtracer.cpp */ = {isa = PBXFileReference; fileEncoding = 4; lastKnownFileType = sourcecode.cpp.cpp; path = pathtracer.cpp; sourceTree = "<group>"; };
		F03B4386224CCDDF00798CAB /* yocto.cpp */ = {isa = PBXFileReference; fileEncoding = 4; lastKnownFileType = sourcecode.cpp.cpp; path = yocto.cpp; sourceTree = "<group>"; };
		F05E2DD8268F451D00E47D33 /* quit.c */ = {isa = PBXFileReference; fileEncoding = 4; lastKnownFileType = sourcecode.c.c; name = quit.c; path = gui/quit.c; sourceTree = "<group>"; };
		F06C68391D2EAECC00887FCE /* camera.c */ = {isa = PBXFileReference; fileEncoding = 4; lastKnownFileType = sourcecode.c.c; path = camera.c; sourceTree = "<group>"; };
		F06C683A1D2EAECC00887FCE /* quantization.c */ = {isa = PBXFileReference; fileEncoding = 4; lastKnownFileType = sourcecode.c.c; path = quantization.c; sourceTree = "<group>"; };
		F076EA352284162400B74F0C /* light_panel.c */ = {isa = PBXFileReference; fileEncoding = 4; lastKnownFileType = sourcecode.c.c; path = light_panel.c; sourceTree = "<group>"; };
		F07DE9CF1BD0F03900BAA1AD /* goxel.app */ = {isa = PBXFileReference; explicitFileType = wrapper.application; includeInIndex = 0; path = goxel.app; sourceTree = BUILT_PRODUCTS_DIR; };
		F07DE9D21BD0F03900BAA1AD /* AppDelegate.swift */ = {isa = PBXFileReference; lastKnownFileType = sourcecode.swift; path = AppDelegate.swift; sourceTree = "<group>"; };
		F07DE9D41BD0F03900BAA1AD /* Assets.xcassets */ = {isa = PBXFileReference; lastKnownFileType = folder.assetcatalog; path = Assets.xcassets; sourceTree = "<group>"; };
		F07DE9D71BD0F03900BAA1AD /* Base */ = {isa = PBXFileReference; lastKnownFileType = file.xib; name = Base; path = Base.lproj/MainMenu.xib; sourceTree = "<group>"; };
		F07DE9D91BD0F03900BAA1AD /* Info.plist */ = {isa = PBXFileReference; lastKnownFileType = text.plist.xml; path = Info.plist; sourceTree = "<group>"; };
		F07DE9DF1BD0F16300BAA1AD /* OpenGL.framework */ = {isa = PBXFileReference; lastKnownFileType = wrapper.framework; name = OpenGL.framework; path = System/Library/Frameworks/OpenGL.framework; sourceTree = SDKROOT; };
		F07DE9EA1BD0F31500BAA1AD /* goxel.c */ = {isa = PBXFileReference; fileEncoding = 4; lastKnownFileType = sourcecode.c.c; path = goxel.c; sourceTree = "<group>"; };
		F07DE9EB1BD0F31500BAA1AD /* goxel.h */ = {isa = PBXFileReference; fileEncoding = 4; lastKnownFileType = sourcecode.c.h; path = goxel.h; sourceTree = "<group>"; };
		F07DE9EC1BD0F31500BAA1AD /* gui.cpp */ = {isa = PBXFileReference; fileEncoding = 4; lastKnownFileType = sourcecode.cpp.cpp; path = gui.cpp; sourceTree = "<group>"; };
		F07DE9ED1BD0F31500BAA1AD /* image.c */ = {isa = PBXFileReference; fileEncoding = 4; lastKnownFileType = sourcecode.c.c; path = image.c; sourceTree = "<group>"; };
		F07DE9F11BD0F31500BAA1AD /* mesh.c */ = {isa = PBXFileReference; fileEncoding = 4; lastKnownFileType = sourcecode.c.c; path = mesh.c; sourceTree = "<group>"; };
		F07DE9F21BD0F31500BAA1AD /* model3d.c */ = {isa = PBXFileReference; fileEncoding = 4; lastKnownFileType = sourcecode.c.c; path = model3d.c; sourceTree = "<group>"; };
		F07DE9F31BD0F31500BAA1AD /* palette.c */ = {isa = PBXFileReference; fileEncoding = 4; lastKnownFileType = sourcecode.c.c; path = palette.c; sourceTree = "<group>"; };
		F07DE9F61BD0F31500BAA1AD /* render.c */ = {isa = PBXFileReference; fileEncoding = 4; lastKnownFileType = sourcecode.c.c; path = render.c; sourceTree = "<group>"; };
		F07DE9F81BD0F31500BAA1AD /* shape.c */ = {isa = PBXFileReference; fileEncoding = 4; lastKnownFileType = sourcecode.c.c; path = shape.c; sourceTree = "<group>"; };
		F07DE9F91BD0F31500BAA1AD /* system.c */ = {isa = PBXFileReference; fileEncoding = 4; lastKnownFileType = sourcecode.c.c; path = system.c; sourceTree = "<group>"; };
		F07DE9FB1BD0F31500BAA1AD /* tools.c */ = {isa = PBXFileReference; fileEncoding = 4; lastKnownFileType = sourcecode.c.c; path = tools.c; sourceTree = "<group>"; };
		F07DE9FC1BD0F31500BAA1AD /* utils.c */ = {isa = PBXFileReference; fileEncoding = 4; lastKnownFileType = sourcecode.c.c; path = utils.c; sourceTree = "<group>"; };
		F07DEA221BD0F33A00BAA1AD /* stb_image.h */ = {isa = PBXFileReference; fileEncoding = 4; lastKnownFileType = sourcecode.c.h; path = stb_image.h; sourceTree = "<group>"; };
		F07DEA231BD0F33A00BAA1AD /* stb_image_write.h */ = {isa = PBXFileReference; fileEncoding = 4; lastKnownFileType = sourcecode.c.h; path = stb_image_write.h; sourceTree = "<group>"; };
		F07DEA241BD0F33A00BAA1AD /* stb_rect_pack.h */ = {isa = PBXFileReference; fileEncoding = 4; lastKnownFileType = sourcecode.c.h; path = stb_rect_pack.h; sourceTree = "<group>"; };
		F07DEA251BD0F33A00BAA1AD /* stb_textedit.h */ = {isa = PBXFileReference; fileEncoding = 4; lastKnownFileType = sourcecode.c.h; path = stb_textedit.h; sourceTree = "<group>"; };
		F07DEA261BD0F33A00BAA1AD /* stb_truetype.h */ = {isa = PBXFileReference; fileEncoding = 4; lastKnownFileType = sourcecode.c.h; path = stb_truetype.h; sourceTree = "<group>"; };
		F07DEA281BD0F33A00BAA1AD /* utarray.h */ = {isa = PBXFileReference; fileEncoding = 4; lastKnownFileType = sourcecode.c.h; path = utarray.h; sourceTree = "<group>"; };
		F07DEA291BD0F33A00BAA1AD /* uthash.h */ = {isa = PBXFileReference; fileEncoding = 4; lastKnownFileType = sourcecode.c.h; path = uthash.h; sourceTree = "<group>"; };
		F07DEA2A1BD0F33A00BAA1AD /* utlist.h */ = {isa = PBXFileReference; fileEncoding = 4; lastKnownFileType = sourcecode.c.h; path = utlist.h; sourceTree = "<group>"; };
		F07DEA2E1BD0F3D000BAA1AD /* goxel.pch */ = {isa = PBXFileReference; lastKnownFileType = sourcecode.c.h; path = goxel.pch; sourceTree = "<group>"; };
		F07DEA2F1BD0FB5F00BAA1AD /* goxel-Bridging-Header.h */ = {isa = PBXFileReference; lastKnownFileType = sourcecode.c.h; path = "goxel-Bridging-Header.h"; sourceTree = "<group>"; };
		F07DEA321BD1014800BAA1AD /* CoreFoundation.framework */ = {isa = PBXFileReference; lastKnownFileType = wrapper.framework; name = CoreFoundation.framework; path = System/Library/Frameworks/CoreFoundation.framework; sourceTree = SDKROOT; };
		F09482FD22994752005DE2C5 /* layer.c */ = {isa = PBXFileReference; fileEncoding = 4; lastKnownFileType = sourcecode.c.c; path = layer.c; sourceTree = "<group>"; };
		F09482FF22994765005DE2C5 /* material.c */ = {isa = PBXFileReference; fileEncoding = 4; lastKnownFileType = sourcecode.c.c; path = material.c; sourceTree = "<group>"; };
		F097B3F11F0C97DB00A3622B /* gesture.c */ = {isa = PBXFileReference; fileEncoding = 4; lastKnownFileType = sourcecode.c.c; path = gesture.c; sourceTree = "<group>"; };
		F097B3F21F0C97DB00A3622B /* gesture3d.c */ = {isa = PBXFileReference; fileEncoding = 4; lastKnownFileType = sourcecode.c.c; path = gesture3d.c; sourceTree = "<group>"; };
		F09FFC5621CE161400B6976A /* box_edit.c */ = {isa = PBXFileReference; fileEncoding = 4; lastKnownFileType = sourcecode.c.c; path = box_edit.c; sourceTree = "<group>"; };
		F0A15FF31E962F1300C6EF33 /* png.c */ = {isa = PBXFileReference; fileEncoding = 4; lastKnownFileType = sourcecode.c.c; path = png.c; sourceTree = "<group>"; };
		F0A15FF41E962F1300C6EF33 /* povray.c */ = {isa = PBXFileReference; fileEncoding = 4; lastKnownFileType = sourcecode.c.c; path = povray.c; sourceTree = "<group>"; };
		F0A15FF51E962F1300C6EF33 /* qubicle.c */ = {isa = PBXFileReference; fileEncoding = 4; lastKnownFileType = sourcecode.c.c; path = qubicle.c; sourceTree = "<group>"; };
		F0A15FF71E962F1300C6EF33 /* txt.c */ = {isa = PBXFileReference; fileEncoding = 4; lastKnownFileType = sourcecode.c.c; path = txt.c; sourceTree = "<group>"; };
		F0A15FF81E962F1300C6EF33 /* vox.c */ = {isa = PBXFileReference; fileEncoding = 4; lastKnownFileType = sourcecode.c.c; path = vox.c; sourceTree = "<group>"; };
		F0A15FF91E962F1300C6EF33 /* voxlap.c */ = {isa = PBXFileReference; fileEncoding = 4; lastKnownFileType = sourcecode.c.c; path = voxlap.c; sourceTree = "<group>"; };
		F0A15FFA1E962F1300C6EF33 /* vxl.c */ = {isa = PBXFileReference; fileEncoding = 4; lastKnownFileType = sourcecode.c.c; path = vxl.c; sourceTree = "<group>"; };
		F0A15FFB1E962F1300C6EF33 /* wavefront.c */ = {isa = PBXFileReference; fileEncoding = 4; lastKnownFileType = sourcecode.c.c; path = wavefront.c; sourceTree = "<group>"; };
		F0A160061E962F4600C6EF33 /* marchingcube.c */ = {isa = PBXFileReference; fileEncoding = 4; lastKnownFileType = sourcecode.c.c; path = marchingcube.c; sourceTree = "<group>"; };
		F0ACA2A02271ACD300376C82 /* gltf.c */ = {isa = PBXFileReference; fileEncoding = 4; lastKnownFileType = sourcecode.c.c; path = gltf.c; sourceTree = "<group>"; };
		F0ACA2A22271ACEA00376C82 /* json.h */ = {isa = PBXFileReference; fileEncoding = 4; lastKnownFileType = sourcecode.c.h; path = json.h; sourceTree = "<group>"; };
		F0ACA2A32271ACEA00376C82 /* json.c */ = {isa = PBXFileReference; fileEncoding = 4; lastKnownFileType = sourcecode.c.c; path = json.c; sourceTree = "<group>"; };
		F0ACA2A6227BF2A300376C82 /* shader_cache.h */ = {isa = PBXFileReference; fileEncoding = 4; lastKnownFileType = sourcecode.c.h; path = shader_cache.h; sourceTree = "<group>"; };
		F0ACA2A7227BF2A300376C82 /* shader_cache.c */ = {isa = PBXFileReference; fileEncoding = 4; lastKnownFileType = sourcecode.c.c; path = shader_cache.c; sourceTree = "<group>"; };
		F0AE90F51C8EE01200C29080 /* assets.c */ = {isa = PBXFileReference; fileEncoding = 4; lastKnownFileType = sourcecode.c.c; path = assets.c; sourceTree = "<group>"; };
		F0BC9B352315550500B2A56A /* app.c */ = {isa = PBXFileReference; fileEncoding = 4; lastKnownFileType = sourcecode.c.c; path = app.c; sourceTree = "<group>"; };
		F0C37C8B2317CBDE000EF45F /* xxhash.c */ = {isa = PBXFileReference; fileEncoding = 4; lastKnownFileType = sourcecode.c.c; path = xxhash.c; sourceTree = "<group>"; };
		F0C37C8E2317CBF2000EF45F /* xxhash.h */ = {isa = PBXFileReference; fileEncoding = 4; lastKnownFileType = sourcecode.c.h; path = xxhash.h; sourceTree = "<group>"; };
		F0C5368A1F42EE43003A0DCA /* extrude.c */ = {isa = PBXFileReference; fileEncoding = 4; lastKnownFileType = sourcecode.c.c; path = extrude.c; sourceTree = "<group>"; };
		F0DC02A022EEE267007E2F17 /* line.c */ = {isa = PBXFileReference; fileEncoding = 4; lastKnownFileType = sourcecode.c.c; path = line.c; sourceTree = "<group>"; };
		F0DC02A222EEE274007E2F17 /* box.c */ = {isa = PBXFileReference; fileEncoding = 4; lastKnownFileType = sourcecode.c.c; path = box.c; sourceTree = "<group>"; };
		F0DE970E1E6FE8BF000354AF /* noc_file_dialog.h */ = {isa = PBXFileReference; fileEncoding = 4; lastKnownFileType = sourcecode.c.h; path = noc_file_dialog.h; sourceTree = "<group>"; };
		F0DE970F1E6FEA1F000354AF /* dialogs_osx.m */ = {isa = PBXFileReference; fileEncoding = 4; lastKnownFileType = sourcecode.c.objc; path = dialogs_osx.m; sourceTree = "<group>"; };
		F0E5DB2624FBB0D600010FDD /* file_format.c */ = {isa = PBXFileReference; fileEncoding = 4; lastKnownFileType = sourcecode.c.c; path = file_format.c; sourceTree = "<group>"; };
		F0E5DB2724FBB0D600010FDD /* file_format.h */ = {isa = PBXFileReference; fileEncoding = 4; lastKnownFileType = sourcecode.c.h; path = file_format.h; sourceTree = "<group>"; };
		F0E71BAB1F1DA30D00D20C7C /* theme.c */ = {isa = PBXFileReference; fileEncoding = 4; lastKnownFileType = sourcecode.c.c; path = theme.c; sourceTree = "<group>"; };
		F0EC57FE22CB268B009A42A2 /* fuzzy_select.c */ = {isa = PBXFileReference; fileEncoding = 4; lastKnownFileType = sourcecode.c.c; path = fuzzy_select.c; sourceTree = "<group>"; };
		F0ED3C611F98B03200FB50DE /* mesh_utils.c */ = {isa = PBXFileReference; fileEncoding = 4; lastKnownFileType = sourcecode.c.c; path = mesh_utils.c; sourceTree = "<group>"; };
		F0ED3C621F98B03200FB50DE /* mesh_to_vertices.c */ = {isa = PBXFileReference; fileEncoding = 4; lastKnownFileType = sourcecode.c.c; path = mesh_to_vertices.c; sourceTree = "<group>"; };
		F0ED3C631F98B03300FB50DE /* mesh.h */ = {isa = PBXFileReference; fileEncoding = 4; lastKnownFileType = sourcecode.c.h; path = mesh.h; sourceTree = "<group>"; };
		F0EEB7E31C8EC27C004AB676 /* action.c */ = {isa = PBXFileReference; fileEncoding = 4; lastKnownFileType = sourcecode.c.c; path = action.c; sourceTree = "<group>"; };
		F0EEB7E71C8EC4D1004AB676 /* libz.tbd */ = {isa = PBXFileReference; lastKnownFileType = "sourcecode.text-based-dylib-definition"; name = libz.tbd; path = usr/lib/libz.tbd; sourceTree = SDKROOT; };
		F0F14C6620AF282E0006E575 /* imgui.cpp */ = {isa = PBXFileReference; fileEncoding = 4; lastKnownFileType = sourcecode.cpp.cpp; path = imgui.cpp; sourceTree = "<group>"; };
/* End PBXFileReference section */

/* Begin PBXFrameworksBuildPhase section */
		F07DE9CC1BD0F03900BAA1AD /* Frameworks */ = {
			isa = PBXFrameworksBuildPhase;
			buildActionMask = 2147483647;
			files = (
				F0EEB7E81C8EC4D1004AB676 /* libz.tbd in Frameworks */,
				F07DEA331BD1014800BAA1AD /* CoreFoundation.framework in Frameworks */,
				F07DE9E01BD0F16300BAA1AD /* OpenGL.framework in Frameworks */,
			);
			runOnlyForDeploymentPostprocessing = 0;
		};
/* End PBXFrameworksBuildPhase section */

/* Begin PBXGroup section */
		F00FC2F8226B2F7B0002F251 /* utils */ = {
			isa = PBXGroup;
			children = (
				F0DC02A222EEE274007E2F17 /* box.c */,
				F0ACA2A32271ACEA00376C82 /* json.c */,
				F0ACA2A22271ACEA00376C82 /* json.h */,
				F00FC2F9226B2F7B0002F251 /* sound.h */,
				F00FC2FA226B2F7B0002F251 /* box.h */,
				F00FC2FB226B2F7B0002F251 /* mustache.h */,
				F00FC2FC226B2F7B0002F251 /* ini.c */,
				F00FC2FD226B2F7B0002F251 /* gl.c */,
				F00FC2FE226B2F7B0002F251 /* sound_openal.inl */,
				F00FC2FF226B2F7B0002F251 /* vec.h */,
				F00FC301226B2F7B0002F251 /* texture.c */,
				F00FC302226B2F7B0002F251 /* cache.h */,
				F00FC303226B2F7B0002F251 /* b64.h */,
				F00FC304226B2F7B0002F251 /* color.h */,
				F00FC305226B2F7B0002F251 /* plane.h */,
				F00FC306226B2F7B0002F251 /* img.h */,
				F00FC307226B2F7B0002F251 /* ini.h */,
				F00FC308226B2F7B0002F251 /* mustache.c */,
				F00FC309226B2F7B0002F251 /* sound.c */,
				F00FC30A226B2F7B0002F251 /* vec.c */,
				F00FC30B226B2F7B0002F251 /* gl.h */,
				F00FC30C226B2F7B0002F251 /* texture.h */,
				F00FC30D226B2F7B0002F251 /* b64.c */,
				F00FC30E226B2F7B0002F251 /* cache.c */,
				F00FC310226B2F7B0002F251 /* img.c */,
				F00FC311226B2F7B0002F251 /* color.c */,
			);
			path = utils;
			sourceTree = "<group>";
		};
		F00FC31E226B2FCF0002F251 /* gui */ = {
			isa = PBXGroup;
			children = (
				F0BC9B352315550500B2A56A /* app.c */,
				F076EA352284162400B74F0C /* light_panel.c */,
				F00FC31F226B2FCF0002F251 /* cameras_panel.c */,
				F00FC320226B2FCF0002F251 /* material_panel.c */,
				F00FC321226B2FCF0002F251 /* palette_panel.c */,
				F00FC322226B2FCF0002F251 /* menu.c */,
				F00FC323226B2FCF0002F251 /* layers_panel.c */,
				F00FC324226B2FCF0002F251 /* about.c */,
				F00FC325226B2FCF0002F251 /* settings.c */,
				F00FC326226B2FCF0002F251 /* render_panel.c */,
				F00FC327226B2FCF0002F251 /* topbar.c */,
				F00FC328226B2FCF0002F251 /* debug_panel.c */,
				F00FC329226B2FCF0002F251 /* view_panel.c */,
				F00FC32A226B2FCF0002F251 /* image_panel.c */,
				F00FC32B226B2FCF0002F251 /* export_panel.c */,
				F00FC32C226B2FCF0002F251 /* tools_panel.c */,
			);
			path = gui;
			sourceTree = "<group>";
		};
		F037D5C61EA6069A00C96D10 /* tools */ = {
			isa = PBXGroup;
			children = (
				F0DC02A022EEE267007E2F17 /* line.c */,
				F0EC57FE22CB268B009A42A2 /* fuzzy_select.c */,
				F0C5368A1F42EE43003A0DCA /* extrude.c */,
				F037D5C71EA6069A00C96D10 /* brush.c */,
				F037D5C81EA6069A00C96D10 /* color_picker.c */,
				F037D5C91EA6069A00C96D10 /* laser.c */,
				F037D5CA1EA6069A00C96D10 /* move.c */,
				F037D5CB1EA6069A00C96D10 /* plane.c */,
				F037D5CD1EA6069A00C96D10 /* selection.c */,
				F037D5CE1EA6069A00C96D10 /* shape.c */,
			);
			path = tools;
			sourceTree = "<group>";
		};
		F07DE9C61BD0F03900BAA1AD = {
			isa = PBXGroup;
			children = (
				F0EEB7E71C8EC4D1004AB676 /* libz.tbd */,
				F07DEA321BD1014800BAA1AD /* CoreFoundation.framework */,
				F07DE9DF1BD0F16300BAA1AD /* OpenGL.framework */,
				F07DE9D11BD0F03900BAA1AD /* goxel */,
				F07DE9D01BD0F03900BAA1AD /* Products */,
			);
			sourceTree = "<group>";
		};
		F07DE9D01BD0F03900BAA1AD /* Products */ = {
			isa = PBXGroup;
			children = (
				F07DE9CF1BD0F03900BAA1AD /* goxel.app */,
			);
			name = Products;
			sourceTree = "<group>";
		};
		F07DE9D11BD0F03900BAA1AD /* goxel */ = {
			isa = PBXGroup;
			children = (
				F07DEA151BD0F33A00BAA1AD /* ext_src */,
				F07DE9E31BD0F31500BAA1AD /* src */,
				F07DE9D21BD0F03900BAA1AD /* AppDelegate.swift */,
				F07DE9D41BD0F03900BAA1AD /* Assets.xcassets */,
				F07DE9D61BD0F03900BAA1AD /* MainMenu.xib */,
				F07DE9D91BD0F03900BAA1AD /* Info.plist */,
				F07DEA2E1BD0F3D000BAA1AD /* goxel.pch */,
				F07DEA2F1BD0FB5F00BAA1AD /* goxel-Bridging-Header.h */,
			);
			path = goxel;
			sourceTree = "<group>";
		};
		F07DE9E31BD0F31500BAA1AD /* src */ = {
			isa = PBXGroup;
			children = (
				F05E2DD8268F451D00E47D33 /* quit.c */,
				F0E5DB2624FBB0D600010FDD /* file_format.c */,
				F0E5DB2724FBB0D600010FDD /* file_format.h */,
				F0C37C8B2317CBDE000EF45F /* xxhash.c */,
				F09482FF22994765005DE2C5 /* material.c */,
				F09482FD22994752005DE2C5 /* layer.c */,
				F0ACA2A7227BF2A300376C82 /* shader_cache.c */,
				F0ACA2A6227BF2A300376C82 /* shader_cache.h */,
				F00FC31E226B2FCF0002F251 /* gui */,
				F00FC2F8226B2F7B0002F251 /* utils */,
				F03B4385224CCDDF00798CAB /* pathtracer.cpp */,
				F03B4386224CCDDF00798CAB /* yocto.cpp */,
				F09FFC5621CE161400B6976A /* box_edit.c */,
				F0F14C6620AF282E0006E575 /* imgui.cpp */,
				F0ED3C621F98B03200FB50DE /* mesh_to_vertices.c */,
				F0ED3C611F98B03200FB50DE /* mesh_utils.c */,
				F0ED3C631F98B03300FB50DE /* mesh.h */,
				F0E71BAB1F1DA30D00D20C7C /* theme.c */,
				F097B3F11F0C97DB00A3622B /* gesture.c */,
				F097B3F21F0C97DB00A3622B /* gesture3d.c */,
				F037D5C61EA6069A00C96D10 /* tools */,
				F0A160061E962F4600C6EF33 /* marchingcube.c */,
				F0A15FF11E962F1300C6EF33 /* formats */,
				F0DE970F1E6FEA1F000354AF /* dialogs_osx.m */,
				F06C68391D2EAECC00887FCE /* camera.c */,
				F06C683A1D2EAECC00887FCE /* quantization.c */,
				F0AE90F51C8EE01200C29080 /* assets.c */,
				F0EEB7E31C8EC27C004AB676 /* action.c */,
				F07DE9EA1BD0F31500BAA1AD /* goxel.c */,
				F07DE9EB1BD0F31500BAA1AD /* goxel.h */,
				F07DE9EC1BD0F31500BAA1AD /* gui.cpp */,
				F07DE9ED1BD0F31500BAA1AD /* image.c */,
				F07DE9F11BD0F31500BAA1AD /* mesh.c */,
				F07DE9F21BD0F31500BAA1AD /* model3d.c */,
				F07DE9F31BD0F31500BAA1AD /* palette.c */,
				F07DE9F61BD0F31500BAA1AD /* render.c */,
				F07DE9F81BD0F31500BAA1AD /* shape.c */,
				F07DE9F91BD0F31500BAA1AD /* system.c */,
				F07DE9FB1BD0F31500BAA1AD /* tools.c */,
				F07DE9FC1BD0F31500BAA1AD /* utils.c */,
			);
			name = src;
			path = ../../../src;
			sourceTree = "<group>";
		};
		F07DEA151BD0F33A00BAA1AD /* ext_src */ = {
			isa = PBXGroup;
			children = (
				F0C37C8D2317CBF2000EF45F /* xxhash */,
				F0DE970D1E6FE8BF000354AF /* noc */,
				F07DEA211BD0F33A00BAA1AD /* stb */,
				F07DEA271BD0F33A00BAA1AD /* uthash */,
			);
			name = ext_src;
			path = ../../../ext_src;
			sourceTree = "<group>";
		};
		F07DEA211BD0F33A00BAA1AD /* stb */ = {
			isa = PBXGroup;
			children = (
				F07DEA221BD0F33A00BAA1AD /* stb_image.h */,
				F07DEA231BD0F33A00BAA1AD /* stb_image_write.h */,
				F07DEA241BD0F33A00BAA1AD /* stb_rect_pack.h */,
				F07DEA251BD0F33A00BAA1AD /* stb_textedit.h */,
				F07DEA261BD0F33A00BAA1AD /* stb_truetype.h */,
			);
			path = stb;
			sourceTree = "<group>";
		};
		F07DEA271BD0F33A00BAA1AD /* uthash */ = {
			isa = PBXGroup;
			children = (
				F07DEA281BD0F33A00BAA1AD /* utarray.h */,
				F07DEA291BD0F33A00BAA1AD /* uthash.h */,
				F07DEA2A1BD0F33A00BAA1AD /* utlist.h */,
			);
			path = uthash;
			sourceTree = "<group>";
		};
		F0A15FF11E962F1300C6EF33 /* formats */ = {
			isa = PBXGroup;
			children = (
				F0ACA2A02271ACD300376C82 /* gltf.c */,
				F025C7DA1F33239000C52709 /* png_slices.c */,
				F037D5C21EA6061F00C96D10 /* gox.c */,
				F0A15FF31E962F1300C6EF33 /* png.c */,
				F0A15FF41E962F1300C6EF33 /* povray.c */,
				F0A15FF51E962F1300C6EF33 /* qubicle.c */,
				F0A15FF71E962F1300C6EF33 /* txt.c */,
				F0A15FF81E962F1300C6EF33 /* vox.c */,
				F0A15FF91E962F1300C6EF33 /* voxlap.c */,
				F0A15FFA1E962F1300C6EF33 /* vxl.c */,
				F0A15FFB1E962F1300C6EF33 /* wavefront.c */,
			);
			path = formats;
			sourceTree = "<group>";
		};
		F0C37C8D2317CBF2000EF45F /* xxhash */ = {
			isa = PBXGroup;
			children = (
				F0C37C8E2317CBF2000EF45F /* xxhash.h */,
			);
			path = xxhash;
			sourceTree = "<group>";
		};
		F0DE970D1E6FE8BF000354AF /* noc */ = {
			isa = PBXGroup;
			children = (
				F0DE970E1E6FE8BF000354AF /* noc_file_dialog.h */,
			);
			path = noc;
			sourceTree = "<group>";
		};
/* End PBXGroup section */

/* Begin PBXNativeTarget section */
		F07DE9CE1BD0F03900BAA1AD /* goxel */ = {
			isa = PBXNativeTarget;
			buildConfigurationList = F07DE9DC1BD0F03900BAA1AD /* Build configuration list for PBXNativeTarget "goxel" */;
			buildPhases = (
				F07DE9CB1BD0F03900BAA1AD /* Sources */,
				F07DE9CC1BD0F03900BAA1AD /* Frameworks */,
				F07DE9CD1BD0F03900BAA1AD /* Resources */,
			);
			buildRules = (
			);
			dependencies = (
			);
			name = goxel;
			productName = goxel;
			productReference = F07DE9CF1BD0F03900BAA1AD /* goxel.app */;
			productType = "com.apple.product-type.application";
		};
/* End PBXNativeTarget section */

/* Begin PBXProject section */
		F07DE9C71BD0F03900BAA1AD /* Project object */ = {
			isa = PBXProject;
			attributes = {
				LastUpgradeCheck = 1010;
				ORGANIZATIONNAME = "Noctua Software Limited";
				TargetAttributes = {
					F07DE9CE1BD0F03900BAA1AD = {
						CreatedOnToolsVersion = 7.0.1;
						DevelopmentTeam = VH4XTANA7R;
						LastSwiftMigration = 1010;
					};
				};
			};
			buildConfigurationList = F07DE9CA1BD0F03900BAA1AD /* Build configuration list for PBXProject "goxel" */;
			compatibilityVersion = "Xcode 3.2";
			developmentRegion = English;
			hasScannedForEncodings = 0;
			knownRegions = (
				English,
				en,
				Base,
			);
			mainGroup = F07DE9C61BD0F03900BAA1AD;
			productRefGroup = F07DE9D01BD0F03900BAA1AD /* Products */;
			projectDirPath = "";
			projectRoot = "";
			targets = (
				F07DE9CE1BD0F03900BAA1AD /* goxel */,
			);
		};
/* End PBXProject section */

/* Begin PBXResourcesBuildPhase section */
		F07DE9CD1BD0F03900BAA1AD /* Resources */ = {
			isa = PBXResourcesBuildPhase;
			buildActionMask = 2147483647;
			files = (
				F00FC314226B2F7C0002F251 /* sound_openal.inl in Resources */,
				F07DE9D51BD0F03900BAA1AD /* Assets.xcassets in Resources */,
				F07DE9D81BD0F03900BAA1AD /* MainMenu.xib in Resources */,
			);
			runOnlyForDeploymentPostprocessing = 0;
		};
/* End PBXResourcesBuildPhase section */

/* Begin PBXSourcesBuildPhase section */
		F07DE9CB1BD0F03900BAA1AD /* Sources */ = {
			isa = PBXSourcesBuildPhase;
			buildActionMask = 2147483647;
			files = (
				F025C7DB1F33239000C52709 /* png_slices.c in Sources */,
				F037D5D31EA6069A00C96D10 /* plane.c in Sources */,
				F0C5368B1F42EE43003A0DCA /* extrude.c in Sources */,
				F037D5CF1EA6069A00C96D10 /* brush.c in Sources */,
				F00FC32E226B2FCF0002F251 /* material_panel.c in Sources */,
				F00FC339226B2FCF0002F251 /* export_panel.c in Sources */,
				F00FC333226B2FCF0002F251 /* settings.c in Sources */,
				F0A160041E962F1300C6EF33 /* vxl.c in Sources */,
				F00FC31C226B2F7C0002F251 /* img.c in Sources */,
				F094830022994765005DE2C5 /* material.c in Sources */,
				F00FC319226B2F7C0002F251 /* b64.c in Sources */,
				F0C37C8C2317CBDE000EF45F /* xxhash.c in Sources */,
				F00FC332226B2FCF0002F251 /* about.c in Sources */,
				F0ACA2A42271ACEA00376C82 /* json.c in Sources */,
				F05E2DD9268F451D00E47D33 /* quit.c in Sources */,
				F0A160031E962F1300C6EF33 /* voxlap.c in Sources */,
				F07DEA101BD0F31500BAA1AD /* system.c in Sources */,
				F09482FE22994752005DE2C5 /* layer.c in Sources */,
				F07DEA061BD0F31500BAA1AD /* image.c in Sources */,
				F00FC32F226B2FCF0002F251 /* palette_panel.c in Sources */,
				F06C683C1D2EAECC00887FCE /* camera.c in Sources */,
				F09FFC5721CE161400B6976A /* box_edit.c in Sources */,
				F00FC330226B2FCF0002F251 /* menu.c in Sources */,
				F037D5D11EA6069A00C96D10 /* laser.c in Sources */,
				F00FC318226B2F7C0002F251 /* vec.c in Sources */,
				F0BC9B362315550500B2A56A /* app.c in Sources */,
				F0A160081E962F4600C6EF33 /* marchingcube.c in Sources */,
				F00FC312226B2F7C0002F251 /* ini.c in Sources */,
				F0EEB7E41C8EC27C004AB676 /* action.c in Sources */,
				F037D5D61EA6069A00C96D10 /* shape.c in Sources */,
				F03B4387224CCDDF00798CAB /* pathtracer.cpp in Sources */,
				F00FC334226B2FCF0002F251 /* render_panel.c in Sources */,
				F07DEA0A1BD0F31500BAA1AD /* model3d.c in Sources */,
				F00FC315226B2F7C0002F251 /* texture.c in Sources */,
				F0A160051E962F1300C6EF33 /* wavefront.c in Sources */,
				F00FC338226B2FCF0002F251 /* image_panel.c in Sources */,
				F00FC316226B2F7C0002F251 /* mustache.c in Sources */,
				F00FC335226B2FCF0002F251 /* topbar.c in Sources */,
				F00FC32D226B2FCF0002F251 /* cameras_panel.c in Sources */,
				F07DEA0F1BD0F31500BAA1AD /* shape.c in Sources */,
				F0A160011E962F1300C6EF33 /* txt.c in Sources */,
				F07DEA091BD0F31500BAA1AD /* mesh.c in Sources */,
				F076EA362284162400B74F0C /* light_panel.c in Sources */,
				F0AE90F71C8EE01300C29080 /* assets.c in Sources */,
				F00FC331226B2FCF0002F251 /* layers_panel.c in Sources */,
				F00FC33A226B2FCF0002F251 /* tools_panel.c in Sources */,
				F0A15FFD1E962F1300C6EF33 /* png.c in Sources */,
				F037D5D01EA6069A00C96D10 /* color_picker.c in Sources */,
				F0E71BAC1F1DA30D00D20C7C /* theme.c in Sources */,
				F0DC02A322EEE274007E2F17 /* box.c in Sources */,
				F07DE9D31BD0F03900BAA1AD /* AppDelegate.swift in Sources */,
				F00FC313226B2F7C0002F251 /* gl.c in Sources */,
				F00FC31D226B2F7C0002F251 /* color.c in Sources */,
				F0DE97101E6FEA1F000354AF /* dialogs_osx.m in Sources */,
				F0A160021E962F1300C6EF33 /* vox.c in Sources */,
				F07DEA121BD0F31500BAA1AD /* tools.c in Sources */,
				F0ED3C641F98B03300FB50DE /* mesh_utils.c in Sources */,
				F0ED3C651F98B03300FB50DE /* mesh_to_vertices.c in Sources */,
				F03B4388224CCDDF00798CAB /* yocto.cpp in Sources */,
				F00FC317226B2F7C0002F251 /* sound.c in Sources */,
				F00FC31A226B2F7C0002F251 /* cache.c in Sources */,
				F037D5D51EA6069A00C96D10 /* selection.c in Sources */,
				F0ACA2A12271ACD400376C82 /* gltf.c in Sources */,
				F097B3F41F0C97DB00A3622B /* gesture3d.c in Sources */,
				F0EC57FF22CB268C009A42A2 /* fuzzy_select.c in Sources */,
				F097B3F31F0C97DB00A3622B /* gesture.c in Sources */,
				F0DC02A122EEE267007E2F17 /* line.c in Sources */,
				F00FC337226B2FCF0002F251 /* view_panel.c in Sources */,
				F07DEA0B1BD0F31500BAA1AD /* palette.c in Sources */,
				F07DEA131BD0F31500BAA1AD /* utils.c in Sources */,
				F07DEA041BD0F31500BAA1AD /* goxel.c in Sources */,
				F0A15FFF1E962F1300C6EF33 /* qubicle.c in Sources */,
				F0ACA2A8227BF2A300376C82 /* shader_cache.c in Sources */,
				F037D5D21EA6069A00C96D10 /* move.c in Sources */,
				F06C683D1D2EAECC00887FCE /* quantization.c in Sources */,
				F00FC336226B2FCF0002F251 /* debug_panel.c in Sources */,
				F07DEA051BD0F31500BAA1AD /* gui.cpp in Sources */,
				F0F14C6720AF282E0006E575 /* imgui.cpp in Sources */,
				F0E5DB2824FBB0D600010FDD /* file_format.c in Sources */,
				F07DEA0D1BD0F31500BAA1AD /* render.c in Sources */,
				F037D5C31EA6061F00C96D10 /* gox.c in Sources */,
				F0A15FFE1E962F1300C6EF33 /* povray.c in Sources */,
			);
			runOnlyForDeploymentPostprocessing = 0;
		};
/* End PBXSourcesBuildPhase section */

/* Begin PBXVariantGroup section */
		F07DE9D61BD0F03900BAA1AD /* MainMenu.xib */ = {
			isa = PBXVariantGroup;
			children = (
				F07DE9D71BD0F03900BAA1AD /* Base */,
			);
			name = MainMenu.xib;
			sourceTree = "<group>";
		};
/* End PBXVariantGroup section */

/* Begin XCBuildConfiguration section */
		F07DE9DA1BD0F03900BAA1AD /* Debug */ = {
			isa = XCBuildConfiguration;
			buildSettings = {
				ALWAYS_SEARCH_USER_PATHS = NO;
				CLANG_CXX_LANGUAGE_STANDARD = "c++17";
				CLANG_CXX_LIBRARY = "libc++";
				CLANG_ENABLE_MODULES = YES;
				CLANG_ENABLE_OBJC_ARC = YES;
				CLANG_WARN_BLOCK_CAPTURE_AUTORELEASING = YES;
				CLANG_WARN_BOOL_CONVERSION = YES;
				CLANG_WARN_COMMA = YES;
				CLANG_WARN_CONSTANT_CONVERSION = YES;
				CLANG_WARN_DEPRECATED_OBJC_IMPLEMENTATIONS = YES;
				CLANG_WARN_DIRECT_OBJC_ISA_USAGE = YES_ERROR;
				CLANG_WARN_EMPTY_BODY = YES;
				CLANG_WARN_ENUM_CONVERSION = YES;
				CLANG_WARN_INFINITE_RECURSION = YES;
				CLANG_WARN_INT_CONVERSION = YES;
				CLANG_WARN_NON_LITERAL_NULL_CONVERSION = YES;
				CLANG_WARN_OBJC_IMPLICIT_RETAIN_SELF = YES;
				CLANG_WARN_OBJC_LITERAL_CONVERSION = YES;
				CLANG_WARN_OBJC_ROOT_CLASS = YES_ERROR;
				CLANG_WARN_RANGE_LOOP_ANALYSIS = YES;
				CLANG_WARN_STRICT_PROTOTYPES = YES;
				CLANG_WARN_SUSPICIOUS_MOVE = YES;
				CLANG_WARN_UNREACHABLE_CODE = YES;
				CLANG_WARN__DUPLICATE_METHOD_MATCH = YES;
				CODE_SIGN_IDENTITY = "-";
				COPY_PHASE_STRIP = NO;
				DEBUG_INFORMATION_FORMAT = dwarf;
				ENABLE_STRICT_OBJC_MSGSEND = YES;
				ENABLE_TESTABILITY = YES;
				GCC_C_LANGUAGE_STANDARD = gnu99;
				GCC_DYNAMIC_NO_PIC = NO;
				GCC_NO_COMMON_BLOCKS = YES;
				GCC_OPTIMIZATION_LEVEL = 0;
				GCC_PREPROCESSOR_DEFINITIONS = (
					"DEBUG=1",
					"$(inherited)",
				);
				GCC_WARN_64_TO_32_BIT_CONVERSION = YES;
				GCC_WARN_ABOUT_RETURN_TYPE = YES_ERROR;
				GCC_WARN_UNDECLARED_SELECTOR = YES;
				GCC_WARN_UNINITIALIZED_AUTOS = YES_AGGRESSIVE;
				GCC_WARN_UNUSED_FUNCTION = YES;
				GCC_WARN_UNUSED_VARIABLE = YES;
				MACOSX_DEPLOYMENT_TARGET = 10.10;
				MTL_ENABLE_DEBUG_INFO = YES;
				ONLY_ACTIVE_ARCH = YES;
				SDKROOT = macosx;
				SWIFT_OPTIMIZATION_LEVEL = "-Onone";
			};
			name = Debug;
		};
		F07DE9DB1BD0F03900BAA1AD /* Release */ = {
			isa = XCBuildConfiguration;
			buildSettings = {
				ALWAYS_SEARCH_USER_PATHS = NO;
				CLANG_CXX_LANGUAGE_STANDARD = "c++17";
				CLANG_CXX_LIBRARY = "libc++";
				CLANG_ENABLE_MODULES = YES;
				CLANG_ENABLE_OBJC_ARC = YES;
				CLANG_WARN_BLOCK_CAPTURE_AUTORELEASING = YES;
				CLANG_WARN_BOOL_CONVERSION = YES;
				CLANG_WARN_COMMA = YES;
				CLANG_WARN_CONSTANT_CONVERSION = YES;
				CLANG_WARN_DEPRECATED_OBJC_IMPLEMENTATIONS = YES;
				CLANG_WARN_DIRECT_OBJC_ISA_USAGE = YES_ERROR;
				CLANG_WARN_EMPTY_BODY = YES;
				CLANG_WARN_ENUM_CONVERSION = YES;
				CLANG_WARN_INFINITE_RECURSION = YES;
				CLANG_WARN_INT_CONVERSION = YES;
				CLANG_WARN_NON_LITERAL_NULL_CONVERSION = YES;
				CLANG_WARN_OBJC_IMPLICIT_RETAIN_SELF = YES;
				CLANG_WARN_OBJC_LITERAL_CONVERSION = YES;
				CLANG_WARN_OBJC_ROOT_CLASS = YES_ERROR;
				CLANG_WARN_RANGE_LOOP_ANALYSIS = YES;
				CLANG_WARN_STRICT_PROTOTYPES = YES;
				CLANG_WARN_SUSPICIOUS_MOVE = YES;
				CLANG_WARN_UNREACHABLE_CODE = YES;
				CLANG_WARN__DUPLICATE_METHOD_MATCH = YES;
				CODE_SIGN_IDENTITY = "-";
				COPY_PHASE_STRIP = NO;
				DEBUG_INFORMATION_FORMAT = "dwarf-with-dsym";
				ENABLE_NS_ASSERTIONS = NO;
				ENABLE_STRICT_OBJC_MSGSEND = YES;
				GCC_C_LANGUAGE_STANDARD = gnu99;
				GCC_NO_COMMON_BLOCKS = YES;
				GCC_WARN_64_TO_32_BIT_CONVERSION = YES;
				GCC_WARN_ABOUT_RETURN_TYPE = YES_ERROR;
				GCC_WARN_UNDECLARED_SELECTOR = YES;
				GCC_WARN_UNINITIALIZED_AUTOS = YES_AGGRESSIVE;
				GCC_WARN_UNUSED_FUNCTION = YES;
				GCC_WARN_UNUSED_VARIABLE = YES;
				MACOSX_DEPLOYMENT_TARGET = 10.10;
				MTL_ENABLE_DEBUG_INFO = NO;
				SDKROOT = macosx;
				SWIFT_OPTIMIZATION_LEVEL = "-Owholemodule";
			};
			name = Release;
		};
		F07DE9DD1BD0F03900BAA1AD /* Debug */ = {
			isa = XCBuildConfiguration;
			buildSettings = {
				ASSETCATALOG_COMPILER_APPICON_NAME = AppIcon;
				CODE_SIGN_IDENTITY = "Mac Developer";
				COMBINE_HIDPI_IMAGES = YES;
				GCC_PRECOMPILE_PREFIX_HEADER = YES;
				GCC_PREFIX_HEADER = "$(SRCROOT)/goxel/goxel.pch";
				HEADER_SEARCH_PATHS = "$(SRCROOT)/../../src";
				INFOPLIST_FILE = goxel/Info.plist;
				LD_RUNPATH_SEARCH_PATHS = "$(inherited) @executable_path/../Frameworks";
				MACOSX_DEPLOYMENT_TARGET = 10.9;
				PRODUCT_BUNDLE_IDENTIFIER = com.noctuasoftware.goxel;
				PRODUCT_NAME = "$(TARGET_NAME)";
				SWIFT_OBJC_BRIDGING_HEADER = "$(SRCROOT)/goxel/goxel-Bridging-Header.h";
				SWIFT_SWIFT3_OBJC_INFERENCE = On;
				SWIFT_VERSION = 4.2;
			};
			name = Debug;
		};
		F07DE9DE1BD0F03900BAA1AD /* Release */ = {
			isa = XCBuildConfiguration;
			buildSettings = {
				ASSETCATALOG_COMPILER_APPICON_NAME = AppIcon;
				CODE_SIGN_IDENTITY = "Mac Developer";
				COMBINE_HIDPI_IMAGES = YES;
				GCC_PRECOMPILE_PREFIX_HEADER = YES;
				GCC_PREFIX_HEADER = "$(SRCROOT)/goxel/goxel.pch";
				HEADER_SEARCH_PATHS = "$(SRCROOT)/../../src";
				INFOPLIST_FILE = goxel/Info.plist;
				LD_RUNPATH_SEARCH_PATHS = "$(inherited) @executable_path/../Frameworks";
				MACOSX_DEPLOYMENT_TARGET = 10.9;
				PRODUCT_BUNDLE_IDENTIFIER = com.noctuasoftware.goxel;
				PRODUCT_NAME = "$(TARGET_NAME)";
				SWIFT_OBJC_BRIDGING_HEADER = "$(SRCROOT)/goxel/goxel-Bridging-Header.h";
				SWIFT_SWIFT3_OBJC_INFERENCE = On;
				SWIFT_VERSION = 4.2;
			};
			name = Release;
		};
/* End XCBuildConfiguration section */

/* Begin XCConfigurationList section */
		F07DE9CA1BD0F03900BAA1AD /* Build configuration list for PBXProject "goxel" */ = {
			isa = XCConfigurationList;
			buildConfigurations = (
				F07DE9DA1BD0F03900BAA1AD /* Debug */,
				F07DE9DB1BD0F03900BAA1AD /* Release */,
			);
			defaultConfigurationIsVisible = 0;
			defaultConfigurationName = Release;
		};
		F07DE9DC1BD0F03900BAA1AD /* Build configuration list for PBXNativeTarget "goxel" */ = {
			isa = XCConfigurationList;
			buildConfigurations = (
				F07DE9DD1BD0F03900BAA1AD /* Debug */,
				F07DE9DE1BD0F03900BAA1AD /* Release */,
			);
			defaultConfigurationIsVisible = 0;
			defaultConfigurationName = Release;
		};
/* End XCConfigurationList section */
	};
	rootObject = F07DE9C71BD0F03900BAA1AD /* Project object */;
}
